
Microsoft Visual Studio Solution File, Format Version 12.00
# Visual Studio Version 17
VisualStudioVersion = 17.14.36301.6 d17.14
MinimumVisualStudioVersion = 10.0.40219.1
Project("{FAE04EC0-301F-11D3-BF4B-00C04F79EFBC}") = "NZWalks.API", "NZWalks.API\NZWalks.API.csproj", "{4923FCA0-CB09-4E7A-A254-19A9A896931A}"
EndProject
Global
	GlobalSection(SolutionConfigurationPlatforms) = preSolution
		Debug|Any CPU = Debug|Any CPU
		Release|Any CPU = Release|Any CPU
	EndGlobalSection
	GlobalSection(ProjectConfigurationPlatforms) = postSolution
		{4923FCA0-CB09-4E7A-A254-19A9A896931A}.Debug|Any CPU.ActiveCfg = Debug|Any CPU
		{4923FCA0-CB09-4E7A-A254-19A9A896931A}.Debug|Any CPU.Build.0 = Debug|Any CPU
		{4923FCA0-CB09-4E7A-A254-19A9A896931A}.Release|Any CPU.ActiveCfg = Release|Any CPU
		{4923FCA0-CB09-4E7A-A254-19A9A896931A}.Release|Any CPU.Build.0 = Release|Any CPU
	EndGlobalSection
	GlobalSection(SolutionProperties) = preSolution
		HideSolutionNode = FALSE
	EndGlobalSection
	GlobalSection(ExtensibilityGlobals) = postSolution
		SolutionGuid = {CE7E0BF2-3946-4A81-864B-29DCB79C6641}
	EndGlobalSection
EndGlobal
